
Microsoft Visual Studio Solution File, Format Version 12.00
# Visual Studio 14
VisualStudioVersion = 14.0.25420.1
MinimumVisualStudioVersion = 10.0.40219.1
Project("{FAE04EC0-301F-11D3-BF4B-00C04F79EFBC}") = "Ejemplo1-MainPage", "21-Resources\Ejemplo1-MainPage.csproj", "{2E345231-F701-4AEC-8363-1EE1818FF3AD}"
EndProject
Project("{FAE04EC0-301F-11D3-BF4B-00C04F79EFBC}") = "Ejemplo2-Diccionario", "Ejemplo2-Aplicacion\Ejemplo2-Diccionario.csproj", "{CA773EAD-4CBA-46BE-B084-1695210B63E3}"
EndProject
Project("{FAE04EC0-301F-11D3-BF4B-00C04F79EFBC}") = "Ejemplo3-Application", "Application\Ejemplo3-Application.csproj", "{8154241E-C935-42B7-B80F-99B6F6859B47}"
EndProject
Global
	GlobalSection(SolutionConfigurationPlatforms) = preSolution
		Debug|ARM = Debug|ARM
		Debug|x64 = Debug|x64
		Debug|x86 = Debug|x86
		Release|ARM = Release|ARM
		Release|x64 = Release|x64
		Release|x86 = Release|x86
	EndGlobalSection
	GlobalSection(ProjectConfigurationPlatforms) = postSolution
		{2E345231-F701-4AEC-8363-1EE1818FF3AD}.Debug|ARM.ActiveCfg = Debug|ARM
		{2E345231-F701-4AEC-8363-1EE1818FF3AD}.Debug|ARM.Build.0 = Debug|ARM
		{2E345231-F701-4AEC-8363-1EE1818FF3AD}.Debug|ARM.Deploy.0 = Debug|ARM
		{2E345231-F701-4AEC-8363-1EE1818FF3AD}.Debug|x64.ActiveCfg = Debug|x64
		{2E345231-F701-4AEC-8363-1EE1818FF3AD}.Debug|x64.Build.0 = Debug|x64
		{2E345231-F701-4AEC-8363-1EE1818FF3AD}.Debug|x64.Deploy.0 = Debug|x64
		{2E345231-F701-4AEC-8363-1EE1818FF3AD}.Debug|x86.ActiveCfg = Debug|x86
		{2E345231-F701-4AEC-8363-1EE1818FF3AD}.Debug|x86.Build.0 = Debug|x86
		{2E345231-F701-4AEC-8363-1EE1818FF3AD}.Debug|x86.Deploy.0 = Debug|x86
		{2E345231-F701-4AEC-8363-1EE1818FF3AD}.Release|ARM.ActiveCfg = Release|ARM
		{2E345231-F701-4AEC-8363-1EE1818FF3AD}.Release|ARM.Build.0 = Release|ARM
		{2E345231-F701-4AEC-8363-1EE1818FF3AD}.Release|ARM.Deploy.0 = Release|ARM
		{2E345231-F701-4AEC-8363-1EE1818FF3AD}.Release|x64.ActiveCfg = Release|x64
		{2E345231-F701-4AEC-8363-1EE1818FF3AD}.Release|x64.Build.0 = Release|x64
		{2E345231-F701-4AEC-8363-1EE1818FF3AD}.Release|x64.Deploy.0 = Release|x64
		{2E345231-F701-4AEC-8363-1EE1818FF3AD}.Release|x86.ActiveCfg = Release|x86
		{2E345231-F701-4AEC-8363-1EE1818FF3AD}.Release|x86.Build.0 = Release|x86
		{2E345231-F701-4AEC-8363-1EE1818FF3AD}.Release|x86.Deploy.0 = Release|x86
		{CA773EAD-4CBA-46BE-B084-1695210B63E3}.Debug|ARM.ActiveCfg = Debug|ARM
		{CA773EAD-4CBA-46BE-B084-1695210B63E3}.Debug|ARM.Build.0 = Debug|ARM
		{CA773EAD-4CBA-46BE-B084-1695210B63E3}.Debug|ARM.Deploy.0 = Debug|ARM
		{CA773EAD-4CBA-46BE-B084-1695210B63E3}.Debug|x64.ActiveCfg = Debug|x64
		{CA773EAD-4CBA-46BE-B084-1695210B63E3}.Debug|x64.Build.0 = Debug|x64
		{CA773EAD-4CBA-46BE-B084-1695210B63E3}.Debug|x64.Deploy.0 = Debug|x64
		{CA773EAD-4CBA-46BE-B084-1695210B63E3}.Debug|x86.ActiveCfg = Debug|x86
		{CA773EAD-4CBA-46BE-B084-1695210B63E3}.Debug|x86.Build.0 = Debug|x86
		{CA773EAD-4CBA-46BE-B084-1695210B63E3}.Debug|x86.Deploy.0 = Debug|x86
		{CA773EAD-4CBA-46BE-B084-1695210B63E3}.Release|ARM.ActiveCfg = Release|ARM
		{CA773EAD-4CBA-46BE-B084-1695210B63E3}.Release|ARM.Build.0 = Release|ARM
		{CA773EAD-4CBA-46BE-B084-1695210B63E3}.Release|ARM.Deploy.0 = Release|ARM
		{CA773EAD-4CBA-46BE-B084-1695210B63E3}.Release|x64.ActiveCfg = Release|x64
		{CA773EAD-4CBA-46BE-B084-1695210B63E3}.Release|x64.Build.0 = Release|x64
		{CA773EAD-4CBA-46BE-B084-1695210B63E3}.Release|x64.Deploy.0 = Release|x64
		{CA773EAD-4CBA-46BE-B084-1695210B63E3}.Release|x86.ActiveCfg = Release|x86
		{CA773EAD-4CBA-46BE-B084-1695210B63E3}.Release|x86.Build.0 = Release|x86
		{CA773EAD-4CBA-46BE-B084-1695210B63E3}.Release|x86.Deploy.0 = Release|x86
		{8154241E-C935-42B7-B80F-99B6F6859B47}.Debug|ARM.ActiveCfg = Debug|ARM
		{8154241E-C935-42B7-B80F-99B6F6859B47}.Debug|ARM.Build.0 = Debug|ARM
		{8154241E-C935-42B7-B80F-99B6F6859B47}.Debug|ARM.Deploy.0 = Debug|ARM
		{8154241E-C935-42B7-B80F-99B6F6859B47}.Debug|x64.ActiveCfg = Debug|x64
		{8154241E-C935-42B7-B80F-99B6F6859B47}.Debug|x64.Build.0 = Debug|x64
		{8154241E-C935-42B7-B80F-99B6F6859B47}.Debug|x64.Deploy.0 = Debug|x64
		{8154241E-C935-42B7-B80F-99B6F6859B47}.Debug|x86.ActiveCfg = Debug|x86
		{8154241E-C935-42B7-B80F-99B6F6859B47}.Debug|x86.Build.0 = Debug|x86
		{8154241E-C935-42B7-B80F-99B6F6859B47}.Debug|x86.Deploy.0 = Debug|x86
		{8154241E-C935-42B7-B80F-99B6F6859B47}.Release|ARM.ActiveCfg = Release|ARM
		{8154241E-C935-42B7-B80F-99B6F6859B47}.Release|ARM.Build.0 = Release|ARM
		{8154241E-C935-42B7-B80F-99B6F6859B47}.Release|ARM.Deploy.0 = Release|ARM
		{8154241E-C935-42B7-B80F-99B6F6859B47}.Release|x64.ActiveCfg = Release|x64
		{8154241E-C935-42B7-B80F-99B6F6859B47}.Release|x64.Build.0 = Release|x64
		{8154241E-C935-42B7-B80F-99B6F6859B47}.Release|x64.Deploy.0 = Release|x64
		{8154241E-C935-42B7-B80F-99B6F6859B47}.Release|x86.ActiveCfg = Release|x86
		{8154241E-C935-42B7-B80F-99B6F6859B47}.Release|x86.Build.0 = Release|x86
		{8154241E-C935-42B7-B80F-99B6F6859B47}.Release|x86.Deploy.0 = Release|x86
	EndGlobalSection
	GlobalSection(SolutionProperties) = preSolution
		HideSolutionNode = FALSE
	EndGlobalSection
EndGlobal
