
Microsoft Visual Studio Solution File, Format Version 12.00
# Blend for Visual Studio 14
VisualStudioVersion = 14.0.25420.1
MinimumVisualStudioVersion = 10.0.40219.1
Project("{FAE04EC0-301F-11D3-BF4B-00C04F79EFBC}") = "AnimacionesGenerico", "AnimacionesGenerico\AnimacionesGenerico.csproj", "{B259D0C8-2841-404E-9F31-43185268A839}"
EndProject
Project("{FAE04EC0-301F-11D3-BF4B-00C04F79EFBC}") = "EjemploMSDN", "EjemploMSDN\EjemploMSDN.csproj", "{E1EA285F-5EDC-4F7C-8F69-EA62946F2886}"
EndProject
Global
	GlobalSection(SolutionConfigurationPlatforms) = preSolution
		Debug|ARM = Debug|ARM
		Debug|x64 = Debug|x64
		Debug|x86 = Debug|x86
		Release|ARM = Release|ARM
		Release|x64 = Release|x64
		Release|x86 = Release|x86
	EndGlobalSection
	GlobalSection(ProjectConfigurationPlatforms) = postSolution
		{B259D0C8-2841-404E-9F31-43185268A839}.Debug|ARM.ActiveCfg = Debug|ARM
		{B259D0C8-2841-404E-9F31-43185268A839}.Debug|ARM.Build.0 = Debug|ARM
		{B259D0C8-2841-404E-9F31-43185268A839}.Debug|ARM.Deploy.0 = Debug|ARM
		{B259D0C8-2841-404E-9F31-43185268A839}.Debug|x64.ActiveCfg = Debug|x64
		{B259D0C8-2841-404E-9F31-43185268A839}.Debug|x64.Build.0 = Debug|x64
		{B259D0C8-2841-404E-9F31-43185268A839}.Debug|x64.Deploy.0 = Debug|x64
		{B259D0C8-2841-404E-9F31-43185268A839}.Debug|x86.ActiveCfg = Debug|x86
		{B259D0C8-2841-404E-9F31-43185268A839}.Debug|x86.Build.0 = Debug|x86
		{B259D0C8-2841-404E-9F31-43185268A839}.Debug|x86.Deploy.0 = Debug|x86
		{B259D0C8-2841-404E-9F31-43185268A839}.Release|ARM.ActiveCfg = Release|ARM
		{B259D0C8-2841-404E-9F31-43185268A839}.Release|ARM.Build.0 = Release|ARM
		{B259D0C8-2841-404E-9F31-43185268A839}.Release|ARM.Deploy.0 = Release|ARM
		{B259D0C8-2841-404E-9F31-43185268A839}.Release|x64.ActiveCfg = Release|x64
		{B259D0C8-2841-404E-9F31-43185268A839}.Release|x64.Build.0 = Release|x64
		{B259D0C8-2841-404E-9F31-43185268A839}.Release|x64.Deploy.0 = Release|x64
		{B259D0C8-2841-404E-9F31-43185268A839}.Release|x86.ActiveCfg = Release|x86
		{B259D0C8-2841-404E-9F31-43185268A839}.Release|x86.Build.0 = Release|x86
		{B259D0C8-2841-404E-9F31-43185268A839}.Release|x86.Deploy.0 = Release|x86
		{E1EA285F-5EDC-4F7C-8F69-EA62946F2886}.Debug|ARM.ActiveCfg = Debug|ARM
		{E1EA285F-5EDC-4F7C-8F69-EA62946F2886}.Debug|ARM.Build.0 = Debug|ARM
		{E1EA285F-5EDC-4F7C-8F69-EA62946F2886}.Debug|ARM.Deploy.0 = Debug|ARM
		{E1EA285F-5EDC-4F7C-8F69-EA62946F2886}.Debug|x64.ActiveCfg = Debug|x64
		{E1EA285F-5EDC-4F7C-8F69-EA62946F2886}.Debug|x64.Build.0 = Debug|x64
		{E1EA285F-5EDC-4F7C-8F69-EA62946F2886}.Debug|x64.Deploy.0 = Debug|x64
		{E1EA285F-5EDC-4F7C-8F69-EA62946F2886}.Debug|x86.ActiveCfg = Debug|x86
		{E1EA285F-5EDC-4F7C-8F69-EA62946F2886}.Debug|x86.Build.0 = Debug|x86
		{E1EA285F-5EDC-4F7C-8F69-EA62946F2886}.Debug|x86.Deploy.0 = Debug|x86
		{E1EA285F-5EDC-4F7C-8F69-EA62946F2886}.Release|ARM.ActiveCfg = Release|ARM
		{E1EA285F-5EDC-4F7C-8F69-EA62946F2886}.Release|ARM.Build.0 = Release|ARM
		{E1EA285F-5EDC-4F7C-8F69-EA62946F2886}.Release|ARM.Deploy.0 = Release|ARM
		{E1EA285F-5EDC-4F7C-8F69-EA62946F2886}.Release|x64.ActiveCfg = Release|x64
		{E1EA285F-5EDC-4F7C-8F69-EA62946F2886}.Release|x64.Build.0 = Release|x64
		{E1EA285F-5EDC-4F7C-8F69-EA62946F2886}.Release|x64.Deploy.0 = Release|x64
		{E1EA285F-5EDC-4F7C-8F69-EA62946F2886}.Release|x86.ActiveCfg = Release|x86
		{E1EA285F-5EDC-4F7C-8F69-EA62946F2886}.Release|x86.Build.0 = Release|x86
		{E1EA285F-5EDC-4F7C-8F69-EA62946F2886}.Release|x86.Deploy.0 = Release|x86
	EndGlobalSection
	GlobalSection(SolutionProperties) = preSolution
		HideSolutionNode = FALSE
	EndGlobalSection
EndGlobal
